
Microsoft Visual Studio Solution File, Format Version 12.00
# Visual Studio 15
VisualStudioVersion = 15.0.28307.1231
MinimumVisualStudioVersion = 10.0.40219.1
Project("{FAE04EC0-301F-11D3-BF4B-00C04F79EFBC}") = "Sudoku.Ariel.CSharp.DP", "Sudoku.Ariel.CSharp.DP\Sudoku.Ariel.CSharp.DP.csproj", "{278456A9-5AE3-4625-B680-EA40894BB470}"
EndProject
Global
	GlobalSection(SolutionConfigurationPlatforms) = preSolution
		Debug|Any CPU = Debug|Any CPU
		Release|Any CPU = Release|Any CPU
	EndGlobalSection
	GlobalSection(ProjectConfigurationPlatforms) = postSolution
		{278456A9-5AE3-4625-B680-EA40894BB470}.Debug|Any CPU.ActiveCfg = Debug|Any CPU
		{278456A9-5AE3-4625-B680-EA40894BB470}.Debug|Any CPU.Build.0 = Debug|Any CPU
		{278456A9-5AE3-4625-B680-EA40894BB470}.Release|Any CPU.ActiveCfg = Release|Any CPU
		{278456A9-5AE3-4625-B680-EA40894BB470}.Release|Any CPU.Build.0 = Release|Any CPU
	EndGlobalSection
	GlobalSection(SolutionProperties) = preSolution
		HideSolutionNode = FALSE
	EndGlobalSection
	GlobalSection(ExtensibilityGlobals) = postSolution
		SolutionGuid = {01BC4709-5105-49EC-870E-306E2743CA9D}
	EndGlobalSection
EndGlobal
